
Microsoft Visual Studio Solution File, Format Version 12.00
Project("{FAE04EC0-301F-11D3-BF4B-00C04F79EFBC}") = "HelloWorld", "HelloWorld.csproj", "{D152BC5A-338E-4402-B64B-E399F279E529}"
EndProject
Global
	GlobalSection(SolutionConfigurationPlatforms) = preSolution
		Debug|Any CPU = Debug|Any CPU
		Release|Any CPU = Release|Any CPU
	EndGlobalSection
	GlobalSection(ProjectConfigurationPlatforms) = postSolution
		{D152BC5A-338E-4402-B64B-E399F279E529}.Debug|Any CPU.ActiveCfg = Debug|Any CPU
		{D152BC5A-338E-4402-B64B-E399F279E529}.Debug|Any CPU.Build.0 = Debug|Any CPU
		{D152BC5A-338E-4402-B64B-E399F279E529}.Release|Any CPU.ActiveCfg = Release|Any CPU
		{D152BC5A-338E-4402-B64B-E399F279E529}.Release|Any CPU.Build.0 = Release|Any CPU
	EndGlobalSection
EndGlobal
